
Microsoft Visual Studio Solution File, Format Version 12.00
# Visual Studio Version 17
VisualStudioVersion = 17.13.35818.85 d17.13
MinimumVisualStudioVersion = 10.0.40219.1
Project("{FAE04EC0-301F-11D3-BF4B-00C04F79EFBC}") = "Catalog", "Catalog\Catalog.csproj", "{555EFEC1-F149-41E7-B141-F6B1680A0087}"
EndProject
Global
	GlobalSection(SolutionConfigurationPlatforms) = preSolution
		Debug|Any CPU = Debug|Any CPU
		Release|Any CPU = Release|Any CPU
	EndGlobalSection
	GlobalSection(ProjectConfigurationPlatforms) = postSolution
		{555EFEC1-F149-41E7-B141-F6B1680A0087}.Debug|Any CPU.ActiveCfg = Debug|Any CPU
		{555EFEC1-F149-41E7-B141-F6B1680A0087}.Debug|Any CPU.Build.0 = Debug|Any CPU
		{555EFEC1-F149-41E7-B141-F6B1680A0087}.Release|Any CPU.ActiveCfg = Release|Any CPU
		{555EFEC1-F149-41E7-B141-F6B1680A0087}.Release|Any CPU.Build.0 = Release|Any CPU
	EndGlobalSection
	GlobalSection(SolutionProperties) = preSolution
		HideSolutionNode = FALSE
	EndGlobalSection
	GlobalSection(ExtensibilityGlobals) = postSolution
		SolutionGuid = {4F24A4A8-E591-46FB-9317-3924F90168D7}
	EndGlobalSection
EndGlobal
